
Microsoft Visual Studio Solution File, Format Version 12.00
# Visual Studio 15
VisualStudioVersion = 15.0.26228.4
MinimumVisualStudioVersion = 10.0.40219.1
Project("{2150E333-8FDC-42A3-9474-1A3956D46DE8}") = ".nuget", ".nuget", "{DD087B07-EC90-449E-9721-0159FCD8C839}"
	ProjectSection(SolutionItems) = preProject
		.nuget\packages.config = .nuget\packages.config
	EndProjectSection
EndProject
Project("{2150E333-8FDC-42A3-9474-1A3956D46DE8}") = "src", "src", "{0E0782DE-B0DD-4FAA-BCA5-76D8AD25A91C}"
EndProject
Project("{2150E333-8FDC-42A3-9474-1A3956D46DE8}") = "example", "example", "{961185AA-5055-47C0-B25C-9B5547A4264F}"
EndProject
Project("{2150E333-8FDC-42A3-9474-1A3956D46DE8}") = "test", "test", "{15FAF813-1EFD-4E71-8399-CFEC8EBD34F4}"
EndProject
Project("{FAE04EC0-301F-11D3-BF4B-00C04F79EFBC}") = "Szl.MvcDemo", "example\Szl.MvcDemo\Szl.MvcDemo.csproj", "{3ECFBDEC-95E1-4596-98DB-A4FAB10CD682}"
EndProject
Project("{FAE04EC0-301F-11D3-BF4B-00C04F79EFBC}") = "Szl.MvcDemo.Tests", "example\Szl.MvcDemo.Tests\Szl.MvcDemo.Tests.csproj", "{E2F0B4C5-A661-4C79-AB82-49BD2E0FBD50}"
EndProject
Project("{FAE04EC0-301F-11D3-BF4B-00C04F79EFBC}") = "Szl", "src\Szl\Szl.csproj", "{AB0B485C-6300-4248-AEF4-BC5FA6345844}"
EndProject
Project("{FAE04EC0-301F-11D3-BF4B-00C04F79EFBC}") = "Szl.Tests", "test\Szl.Tests\Szl.Tests.csproj", "{012C5D0A-52E0-4936-AF79-A81F171550B3}"
EndProject
Global
	GlobalSection(SolutionConfigurationPlatforms) = preSolution
		Debug|Any CPU = Debug|Any CPU
		Release|Any CPU = Release|Any CPU
	EndGlobalSection
	GlobalSection(ProjectConfigurationPlatforms) = postSolution
		{3ECFBDEC-95E1-4596-98DB-A4FAB10CD682}.Debug|Any CPU.ActiveCfg = Debug|Any CPU
		{3ECFBDEC-95E1-4596-98DB-A4FAB10CD682}.Debug|Any CPU.Build.0 = Debug|Any CPU
		{3ECFBDEC-95E1-4596-98DB-A4FAB10CD682}.Release|Any CPU.ActiveCfg = Release|Any CPU
		{3ECFBDEC-95E1-4596-98DB-A4FAB10CD682}.Release|Any CPU.Build.0 = Release|Any CPU
		{E2F0B4C5-A661-4C79-AB82-49BD2E0FBD50}.Debug|Any CPU.ActiveCfg = Debug|Any CPU
		{E2F0B4C5-A661-4C79-AB82-49BD2E0FBD50}.Debug|Any CPU.Build.0 = Debug|Any CPU
		{E2F0B4C5-A661-4C79-AB82-49BD2E0FBD50}.Release|Any CPU.ActiveCfg = Release|Any CPU
		{E2F0B4C5-A661-4C79-AB82-49BD2E0FBD50}.Release|Any CPU.Build.0 = Release|Any CPU
		{AB0B485C-6300-4248-AEF4-BC5FA6345844}.Debug|Any CPU.ActiveCfg = Debug|Any CPU
		{AB0B485C-6300-4248-AEF4-BC5FA6345844}.Debug|Any CPU.Build.0 = Debug|Any CPU
		{AB0B485C-6300-4248-AEF4-BC5FA6345844}.Release|Any CPU.ActiveCfg = Release|Any CPU
		{AB0B485C-6300-4248-AEF4-BC5FA6345844}.Release|Any CPU.Build.0 = Release|Any CPU
		{012C5D0A-52E0-4936-AF79-A81F171550B3}.Debug|Any CPU.ActiveCfg = Debug|Any CPU
		{012C5D0A-52E0-4936-AF79-A81F171550B3}.Debug|Any CPU.Build.0 = Debug|Any CPU
		{012C5D0A-52E0-4936-AF79-A81F171550B3}.Release|Any CPU.ActiveCfg = Release|Any CPU
		{012C5D0A-52E0-4936-AF79-A81F171550B3}.Release|Any CPU.Build.0 = Release|Any CPU
	EndGlobalSection
	GlobalSection(SolutionProperties) = preSolution
		HideSolutionNode = FALSE
	EndGlobalSection
	GlobalSection(NestedProjects) = preSolution
		{3ECFBDEC-95E1-4596-98DB-A4FAB10CD682} = {961185AA-5055-47C0-B25C-9B5547A4264F}
		{E2F0B4C5-A661-4C79-AB82-49BD2E0FBD50} = {961185AA-5055-47C0-B25C-9B5547A4264F}
		{AB0B485C-6300-4248-AEF4-BC5FA6345844} = {0E0782DE-B0DD-4FAA-BCA5-76D8AD25A91C}
		{012C5D0A-52E0-4936-AF79-A81F171550B3} = {15FAF813-1EFD-4E71-8399-CFEC8EBD34F4}
	EndGlobalSection
EndGlobal
